<?xml version="1.0" encoding="utf-8"?>
<Project ToolsVersion="4.0" xmlns="http://schemas.microsoft.com/developer/msbuild/2003">
  <ItemGroup>
    <ClCompile Include="Framebuffer.cpp">
      <Filter>Sources</Filter>
    </ClCompile>
    <ClCompile Include="Image.cpp">
      <Filter>Sources</Filter>
    </ClCompile>
    <ClCompile Include="ImageProcess.cpp">
      <Filter>Sources</Filter>
    </ClCompile>
    <ClCompile Include="Main.cpp">
      <Filter>Sources</Filter>
    </ClCompile>
    <ClCompile Include="Renderer.cpp">
      <Filter>Sources</Filter>
    </ClCompile>
    <ClCompile Include="Tracer.cpp">
      <Filter>Sources</Filter>
    </ClCompile>
    <ClCompile Include="Sphere.cpp">
      <Filter>Sources</Filter>
    </ClCompile>
    <ClCompile Include="Scene.cpp">
      <Filter>Sources</Filter>
    </ClCompile>
  </ItemGroup>
  <ItemGroup>
    <ClInclude Include="ColorBuffer.h">
      <Filter>Sources</Filter>
    </ClInclude>
    <ClInclude Include="Framebuffer.h">
      <Filter>Sources</Filter>
    </ClInclude>
    <ClInclude Include="Image.h">
      <Filter>Sources</Filter>
    </ClInclude>
    <ClInclude Include="ImageProcess.h">
      <Filter>Sources</Filter>
    </ClInclude>
    <ClInclude Include="Renderer.h">
      <Filter>Sources</Filter>
    </ClInclude>
    <ClInclude Include="Types.h">
      <Filter>Sources</Filter>
    </ClInclude>
    <ClInclude Include="Ray.h">
      <Filter>Sources</Filter>
    </ClInclude>
    <ClInclude Include="Tracer.h">
      <Filter>Sources</Filter>
    </ClInclude>
    <ClInclude Include="Sphere.h">
      <Filter>Sources</Filter>
    </ClInclude>
    <ClInclude Include="Geometry.h">
      <Filter>Sources</Filter>
    </ClInclude>
    <ClInclude Include="Scene.h">
      <Filter>Sources</Filter>
    </ClInclude>
    <ClInclude Include="Plane.h">
      <Filter>Sources</Filter>
    </ClInclude>
    <ClInclude Include="Material.h">
      <Filter>Sources</Filter>
    </ClInclude>
    <ClInclude Include="Lambertian.h">
      <Filter>Sources</Filter>
    </ClInclude>
    <ClInclude Include="Metal.h">
      <Filter>Sources</Filter>
    </ClInclude>
  </ItemGroup>
  <ItemGroup>
    <Filter Include="Sources">
      <UniqueIdentifier>{afb60e27-176e-4213-b10b-ef80c4abd309}</UniqueIdentifier>
    </Filter>
  </ItemGroup>
</Project>